
Microsoft Visual Studio Solution File, Format Version 12.00
Project("{FAE04EC0-301F-11D3-BF4B-00C04F79EFBC}") = "GRL.Api", "GRL.Api\GRL.Api.csproj", "{BCAF895B-85DE-435F-8D33-DEF861FB6386}"
EndProject
Project("{FAE04EC0-301F-11D3-BF4B-00C04F79EFBC}") = "GRL.Persistence", "GRL.Persistence\GRL.Persistence.csproj", "{E003600F-19D3-4461-9417-5CA95CA682AB}"
EndProject
Project("{FAE04EC0-301F-11D3-BF4B-00C04F79EFBC}") = "GRL.Domain", "GRL.Domain\GRL.Domain.csproj", "{BDF82A5F-85EB-45C5-B711-9B233478244B}"
EndProject
Project("{FAE04EC0-301F-11D3-BF4B-00C04F79EFBC}") = "GRL.Application", "GRL.Application\GRL.Application.csproj", "{276F4B3E-C429-43CA-B831-6472F55586B2}"
EndProject
Project("{FAE04EC0-301F-11D3-BF4B-00C04F79EFBC}") = "GRL.Infrastructure", "GRL.Infrastructure\GRL.Infrastructure.csproj", "{50CD974F-E7D7-42F8-B98F-E1518D074333}"
EndProject
Project("{FAE04EC0-301F-11D3-BF4B-00C04F79EFBC}") = "GRL.Logging", "GRL.Logging\GRL.Logging.csproj", "{81925801-AEE6-4119-B171-1B1C581BE2F5}"
EndProject
Project("{2150E333-8FDC-42A3-9474-1A3956D46DE8}") = "host", "host", "{CE300B99-A89A-464E-9DD7-7070A872A506}"
EndProject
Project("{2150E333-8FDC-42A3-9474-1A3956D46DE8}") = "solution items", "solution items", "{06016FAE-F7FC-465B-B033-D288CE93D18C}"
	ProjectSection(SolutionItems) = preProject
		..\docker-compose.yml = ..\docker-compose.yml
		..\docker-compose-local.yml = ..\docker-compose-local.yml
	EndProjectSection
EndProject
Global
	GlobalSection(SolutionConfigurationPlatforms) = preSolution
		Debug|Any CPU = Debug|Any CPU
		Release|Any CPU = Release|Any CPU
	EndGlobalSection
	GlobalSection(ProjectConfigurationPlatforms) = postSolution
		{BCAF895B-85DE-435F-8D33-DEF861FB6386}.Debug|Any CPU.ActiveCfg = Debug|Any CPU
		{BCAF895B-85DE-435F-8D33-DEF861FB6386}.Debug|Any CPU.Build.0 = Debug|Any CPU
		{BCAF895B-85DE-435F-8D33-DEF861FB6386}.Release|Any CPU.ActiveCfg = Release|Any CPU
		{BCAF895B-85DE-435F-8D33-DEF861FB6386}.Release|Any CPU.Build.0 = Release|Any CPU
		{E003600F-19D3-4461-9417-5CA95CA682AB}.Debug|Any CPU.ActiveCfg = Debug|Any CPU
		{E003600F-19D3-4461-9417-5CA95CA682AB}.Debug|Any CPU.Build.0 = Debug|Any CPU
		{E003600F-19D3-4461-9417-5CA95CA682AB}.Release|Any CPU.ActiveCfg = Release|Any CPU
		{E003600F-19D3-4461-9417-5CA95CA682AB}.Release|Any CPU.Build.0 = Release|Any CPU
		{BDF82A5F-85EB-45C5-B711-9B233478244B}.Debug|Any CPU.ActiveCfg = Debug|Any CPU
		{BDF82A5F-85EB-45C5-B711-9B233478244B}.Debug|Any CPU.Build.0 = Debug|Any CPU
		{BDF82A5F-85EB-45C5-B711-9B233478244B}.Release|Any CPU.ActiveCfg = Release|Any CPU
		{BDF82A5F-85EB-45C5-B711-9B233478244B}.Release|Any CPU.Build.0 = Release|Any CPU
		{276F4B3E-C429-43CA-B831-6472F55586B2}.Debug|Any CPU.ActiveCfg = Debug|Any CPU
		{276F4B3E-C429-43CA-B831-6472F55586B2}.Debug|Any CPU.Build.0 = Debug|Any CPU
		{276F4B3E-C429-43CA-B831-6472F55586B2}.Release|Any CPU.ActiveCfg = Release|Any CPU
		{276F4B3E-C429-43CA-B831-6472F55586B2}.Release|Any CPU.Build.0 = Release|Any CPU
		{50CD974F-E7D7-42F8-B98F-E1518D074333}.Debug|Any CPU.ActiveCfg = Debug|Any CPU
		{50CD974F-E7D7-42F8-B98F-E1518D074333}.Debug|Any CPU.Build.0 = Debug|Any CPU
		{50CD974F-E7D7-42F8-B98F-E1518D074333}.Release|Any CPU.ActiveCfg = Release|Any CPU
		{50CD974F-E7D7-42F8-B98F-E1518D074333}.Release|Any CPU.Build.0 = Release|Any CPU
		{81925801-AEE6-4119-B171-1B1C581BE2F5}.Debug|Any CPU.ActiveCfg = Debug|Any CPU
		{81925801-AEE6-4119-B171-1B1C581BE2F5}.Debug|Any CPU.Build.0 = Debug|Any CPU
		{81925801-AEE6-4119-B171-1B1C581BE2F5}.Release|Any CPU.ActiveCfg = Release|Any CPU
		{81925801-AEE6-4119-B171-1B1C581BE2F5}.Release|Any CPU.Build.0 = Release|Any CPU
	EndGlobalSection
	GlobalSection(NestedProjects) = preSolution
		{BCAF895B-85DE-435F-8D33-DEF861FB6386} = {CE300B99-A89A-464E-9DD7-7070A872A506}
	EndGlobalSection
EndGlobal
